{
  "name": "yt-kids-video-cleaner",
  "version": "1.0.0",
  "lockfileVersion": 3,
  "requires": true,
  "packages": {
    "": {
      "name": "yt-kids-video-cleaner",
      "version": "1.0.0",
      "license": "ISC",
      "dependencies": {
        "@pilio/gemini-watermark-remover": "latest",
        "playwright": "^1.63.0"
      }
    },
    "node_modules/@pilio/gemini-watermark-remover": {
      "version": "1.0.43",
      "resolved": "https://registry.npmjs.org/@pilio/gemini-watermark-remover/-/gemini-watermark-remover-1.0.43.tgz",
      "integrity": "sha512-64TWx26K+pFqzPbuK1EZIyP166RG8AXck6+jxTIC3Ew7DkqnK4+CpwdrxezOnPERYbW2Ew5IrrqgjyWsLkU/og==",
      "license": "MIT",
      "dependencies": {
        "mediabunny": "^1.46.0"
      },
      "bin": {
        "gwr": "bin/gwr.mjs"
      },
      "peerDependencies": {
        "sharp": "^0.34.5 || ^0.35.0"
      },
      "peerDependenciesMeta": {
        "sharp": {
          "optional": true
        }
      }
    },
    "node_modules/@types/dom-mediacapture-transform": {
      "version": "0.1.12",
      "resolved": "https://registry.npmjs.org/@types/dom-mediacapture-transform/-/dom-mediacapture-transform-0.1.12.tgz",
      "integrity": "sha512-d7/QsLRwF864A5mgIM/YrfiglHoYn7zgCcAoJgW404r+2DwnNr7EBbLnCWpmOMgH8y0te73L1AV6H1bmauaWFw==",
      "license": "MIT",
      "dependencies": {
        "@types/dom-webcodecs": "*"
      }
    },
    "node_modules/@types/dom-webcodecs": {
      "version": "0.1.13",
      "resolved": "https://registry.npmjs.org/@types/dom-webcodecs/-/dom-webcodecs-0.1.13.tgz",
      "integrity": "sha512-O5hkiFIcjjszPIYyUSyvScyvrBoV3NOEEZx/pMlsu44TKzWNkLVBBxnxJz42in5n3QIolYOcBYFCPZZ0h8SkwQ==",
      "license": "MIT"
    },
    "node_modules/mediabunny": {
      "version": "1.56.1",
      "resolved": "https://registry.npmjs.org/mediabunny/-/mediabunny-1.56.1.tgz",
      "integrity": "sha512-DNOm0bRBmeOxJgCK/g3LxNWbxY5morTauNdlychujGmJ9L37ezVezkNoI1WtO2Xdb4WlWWJlYfIKnOEzd5phRw==",
      "license": "MPL-2.0",
      "workspaces": [
        ".",
        "packages/*"
      ],
      "dependencies": {
        "@types/dom-mediacapture-transform": "^0.1.11",
        "@types/dom-webcodecs": "0.1.13"
      },
      "funding": {
        "type": "individual",
        "url": "https://github.com/sponsors/Vanilagy"
      }
    },
    "node_modules/playwright": {
      "version": "1.63.0",
      "resolved": "https://registry.npmjs.org/playwright/-/playwright-1.63.0.tgz",
      "integrity": "sha512-+7ziBLidS4NaNCdt57SUDT+wYmmd5fmiQejUic/kb+YsYSCPyOOE9sebzMjNmQrsnNpDJqd4WHvV/8lfKfUDUg==",
      "license": "Apache-2.0",
      "dependencies": {
        "playwright-core": "1.63.0"
      },
      "bin": {
        "playwright": "cli.js"
      },
      "engines": {
        "node": ">=20"
      }
    },
    "node_modules/playwright-core": {
      "version": "1.63.0",
      "resolved": "https://registry.npmjs.org/playwright-core/-/playwright-core-1.63.0.tgz",
      "integrity": "sha512-rYCsBF/M5HjUch52bbtVONEFjv6Xu8sm8h72dNlR5bzIE1fvC/bxgspzkjSfU+MweEMmPM8KJebG6nnyxo5mCg==",
      "license": "Apache-2.0",
      "bin": {
        "playwright-core": "cli.js"
      },
      "engines": {
        "node": ">=20"
      }
    }
  }
}
